
Microsoft Visual Studio Solution File, Format Version 12.00
# Visual Studio Version 16
VisualStudioVersion = 16.0.35826.135
MinimumVisualStudioVersion = 10.0.40219.1
Project("{FAE04EC0-301F-11D3-BF4B-00C04F79EFBC}") = "Project", "Project\Project.csproj", "{470C9FCB-3342-40BB-9228-53827F2EF659}"
EndProject
Global
	GlobalSection(SolutionConfigurationPlatforms) = preSolution
		Debug|Any CPU = Debug|Any CPU
		Release|Any CPU = Release|Any CPU
	EndGlobalSection
	GlobalSection(ProjectConfigurationPlatforms) = postSolution
		{470C9FCB-3342-40BB-9228-53827F2EF659}.Debug|Any CPU.ActiveCfg = Debug|Any CPU
		{470C9FCB-3342-40BB-9228-53827F2EF659}.Debug|Any CPU.Build.0 = Debug|Any CPU
		{470C9FCB-3342-40BB-9228-53827F2EF659}.Release|Any CPU.ActiveCfg = Release|Any CPU
		{470C9FCB-3342-40BB-9228-53827F2EF659}.Release|Any CPU.Build.0 = Release|Any CPU
	EndGlobalSection
	GlobalSection(SolutionProperties) = preSolution
		HideSolutionNode = FALSE
	EndGlobalSection
	GlobalSection(ExtensibilityGlobals) = postSolution
		SolutionGuid = {42C44D1B-149C-4E66-A5E1-6BF41BDF4D12}
	EndGlobalSection
EndGlobal
